// !$*UTF8*$!
{
	archiveVersion = 1;
	classes = {
	};
	objectVersion = 46;
	objects = {

/* Begin PBXBuildFile section */
		E1923D8F1D0FE6A0001625BF /* Server.swift in Sources */ = {isa = PBXBuildFile; fileRef = E1923D8E1D0FE6A0001625BF /* Server.swift */; };
		E1CD136C1D127980009244C9 /* PingEndpoint.swift in Sources */ = {isa = PBXBuildFile; fileRef = E1CD136B1D127980009244C9 /* PingEndpoint.swift */; };
		E1CD136E1D127B54009244C9 /* RootEndpoint.swift in Sources */ = {isa = PBXBuildFile; fileRef = E1CD136D1D127B54009244C9 /* RootEndpoint.swift */; };
		E1CD13701D127BA7009244C9 /* ErrorEndpoint.swift in Sources */ = {isa = PBXBuildFile; fileRef = E1CD136F1D127BA7009244C9 /* ErrorEndpoint.swift */; };
		E1CD13721D1281EA009244C9 /* BaseResponse.swift in Sources */ = {isa = PBXBuildFile; fileRef = E1CD13711D1281EA009244C9 /* BaseResponse.swift */; };
		_LinkFileRef_PerfectLib_via_SwiftServer /* PerfectLib.framework in Frameworks */ = {isa = PBXBuildFile; fileRef = "_____Product_PerfectLib" /* PerfectLib.framework */; };
		_LinkFileRef_PerfectNet_via_PerfectLib /* PerfectNet.framework in Frameworks */ = {isa = PBXBuildFile; fileRef = "_____Product_PerfectNet" /* PerfectNet.framework */; };
		_LinkFileRef_PerfectNet_via_SwiftServer /* PerfectNet.framework in Frameworks */ = {isa = PBXBuildFile; fileRef = "_____Product_PerfectNet" /* PerfectNet.framework */; };
		_LinkFileRef_PerfectThread_via_PerfectLib /* PerfectThread.framework in Frameworks */ = {isa = PBXBuildFile; fileRef = "_____Product_PerfectThread" /* PerfectThread.framework */; };
		_LinkFileRef_PerfectThread_via_PerfectNet /* PerfectThread.framework in Frameworks */ = {isa = PBXBuildFile; fileRef = "_____Product_PerfectThread" /* PerfectThread.framework */; };
		_LinkFileRef_PerfectThread_via_SwiftServer /* PerfectThread.framework in Frameworks */ = {isa = PBXBuildFile; fileRef = "_____Product_PerfectThread" /* PerfectThread.framework */; };
		"__src_cc_ref_Packages/PerfectLib-0.34.0/Sources/PerfectLib/Bytes.swift" /* Bytes.swift in Sources */ = {isa = PBXBuildFile; fileRef = "__PBXFileRef_Packages/PerfectLib-0.34.0/Sources/PerfectLib/Bytes.swift" /* Bytes.swift */; };
		"__src_cc_ref_Packages/PerfectLib-0.34.0/Sources/PerfectLib/Dir.swift" /* Dir.swift in Sources */ = {isa = PBXBuildFile; fileRef = "__PBXFileRef_Packages/PerfectLib-0.34.0/Sources/PerfectLib/Dir.swift" /* Dir.swift */; };
		"__src_cc_ref_Packages/PerfectLib-0.34.0/Sources/PerfectLib/DynamicLoader.swift" /* DynamicLoader.swift in Sources */ = {isa = PBXBuildFile; fileRef = "__PBXFileRef_Packages/PerfectLib-0.34.0/Sources/PerfectLib/DynamicLoader.swift" /* DynamicLoader.swift */; };
		"__src_cc_ref_Packages/PerfectLib-0.34.0/Sources/PerfectLib/FastCGI.swift" /* FastCGI.swift in Sources */ = {isa = PBXBuildFile; fileRef = "__PBXFileRef_Packages/PerfectLib-0.34.0/Sources/PerfectLib/FastCGI.swift" /* FastCGI.swift */; };
		"__src_cc_ref_Packages/PerfectLib-0.34.0/Sources/PerfectLib/FastCGIServer.swift" /* FastCGIServer.swift in Sources */ = {isa = PBXBuildFile; fileRef = "__PBXFileRef_Packages/PerfectLib-0.34.0/Sources/PerfectLib/FastCGIServer.swift" /* FastCGIServer.swift */; };
		"__src_cc_ref_Packages/PerfectLib-0.34.0/Sources/PerfectLib/File.swift" /* File.swift in Sources */ = {isa = PBXBuildFile; fileRef = "__PBXFileRef_Packages/PerfectLib-0.34.0/Sources/PerfectLib/File.swift" /* File.swift */; };
		"__src_cc_ref_Packages/PerfectLib-0.34.0/Sources/PerfectLib/HPACK.swift" /* HPACK.swift in Sources */ = {isa = PBXBuildFile; fileRef = "__PBXFileRef_Packages/PerfectLib-0.34.0/Sources/PerfectLib/HPACK.swift" /* HPACK.swift */; };
		"__src_cc_ref_Packages/PerfectLib-0.34.0/Sources/PerfectLib/HTTP2.swift" /* HTTP2.swift in Sources */ = {isa = PBXBuildFile; fileRef = "__PBXFileRef_Packages/PerfectLib-0.34.0/Sources/PerfectLib/HTTP2.swift" /* HTTP2.swift */; };
		"__src_cc_ref_Packages/PerfectLib-0.34.0/Sources/PerfectLib/HTTPServer.swift" /* HTTPServer.swift in Sources */ = {isa = PBXBuildFile; fileRef = "__PBXFileRef_Packages/PerfectLib-0.34.0/Sources/PerfectLib/HTTPServer.swift" /* HTTPServer.swift */; };
		"__src_cc_ref_Packages/PerfectLib-0.34.0/Sources/PerfectLib/JSONConvertible.swift" /* JSONConvertible.swift in Sources */ = {isa = PBXBuildFile; fileRef = "__PBXFileRef_Packages/PerfectLib-0.34.0/Sources/PerfectLib/JSONConvertible.swift" /* JSONConvertible.swift */; };
		"__src_cc_ref_Packages/PerfectLib-0.34.0/Sources/PerfectLib/LogManager.swift" /* LogManager.swift in Sources */ = {isa = PBXBuildFile; fileRef = "__PBXFileRef_Packages/PerfectLib-0.34.0/Sources/PerfectLib/LogManager.swift" /* LogManager.swift */; };
		"__src_cc_ref_Packages/PerfectLib-0.34.0/Sources/PerfectLib/MimeReader.swift" /* MimeReader.swift in Sources */ = {isa = PBXBuildFile; fileRef = "__PBXFileRef_Packages/PerfectLib-0.34.0/Sources/PerfectLib/MimeReader.swift" /* MimeReader.swift */; };
		"__src_cc_ref_Packages/PerfectLib-0.34.0/Sources/PerfectLib/MimeType.swift" /* MimeType.swift in Sources */ = {isa = PBXBuildFile; fileRef = "__PBXFileRef_Packages/PerfectLib-0.34.0/Sources/PerfectLib/MimeType.swift" /* MimeType.swift */; };
		"__src_cc_ref_Packages/PerfectLib-0.34.0/Sources/PerfectLib/Mustache.swift" /* Mustache.swift in Sources */ = {isa = PBXBuildFile; fileRef = "__PBXFileRef_Packages/PerfectLib-0.34.0/Sources/PerfectLib/Mustache.swift" /* Mustache.swift */; };
		"__src_cc_ref_Packages/PerfectLib-0.34.0/Sources/PerfectLib/NotificationPusher.swift" /* NotificationPusher.swift in Sources */ = {isa = PBXBuildFile; fileRef = "__PBXFileRef_Packages/PerfectLib-0.34.0/Sources/PerfectLib/NotificationPusher.swift" /* NotificationPusher.swift */; };
		"__src_cc_ref_Packages/PerfectLib-0.34.0/Sources/PerfectLib/PerfectError.swift" /* PerfectError.swift in Sources */ = {isa = PBXBuildFile; fileRef = "__PBXFileRef_Packages/PerfectLib-0.34.0/Sources/PerfectLib/PerfectError.swift" /* PerfectError.swift */; };
		"__src_cc_ref_Packages/PerfectLib-0.34.0/Sources/PerfectLib/PerfectServer.swift" /* PerfectServer.swift in Sources */ = {isa = PBXBuildFile; fileRef = "__PBXFileRef_Packages/PerfectLib-0.34.0/Sources/PerfectLib/PerfectServer.swift" /* PerfectServer.swift */; };
		"__src_cc_ref_Packages/PerfectLib-0.34.0/Sources/PerfectLib/Routing.swift" /* Routing.swift in Sources */ = {isa = PBXBuildFile; fileRef = "__PBXFileRef_Packages/PerfectLib-0.34.0/Sources/PerfectLib/Routing.swift" /* Routing.swift */; };
		"__src_cc_ref_Packages/PerfectLib-0.34.0/Sources/PerfectLib/StaticFileHandler.swift" /* StaticFileHandler.swift in Sources */ = {isa = PBXBuildFile; fileRef = "__PBXFileRef_Packages/PerfectLib-0.34.0/Sources/PerfectLib/StaticFileHandler.swift" /* StaticFileHandler.swift */; };
		"__src_cc_ref_Packages/PerfectLib-0.34.0/Sources/PerfectLib/SwiftCompatibility.swift" /* SwiftCompatibility.swift in Sources */ = {isa = PBXBuildFile; fileRef = "__PBXFileRef_Packages/PerfectLib-0.34.0/Sources/PerfectLib/SwiftCompatibility.swift" /* SwiftCompatibility.swift */; };
		"__src_cc_ref_Packages/PerfectLib-0.34.0/Sources/PerfectLib/SysProcess.swift" /* SysProcess.swift in Sources */ = {isa = PBXBuildFile; fileRef = "__PBXFileRef_Packages/PerfectLib-0.34.0/Sources/PerfectLib/SysProcess.swift" /* SysProcess.swift */; };
		"__src_cc_ref_Packages/PerfectLib-0.34.0/Sources/PerfectLib/Utilities.swift" /* Utilities.swift in Sources */ = {isa = PBXBuildFile; fileRef = "__PBXFileRef_Packages/PerfectLib-0.34.0/Sources/PerfectLib/Utilities.swift" /* Utilities.swift */; };
		"__src_cc_ref_Packages/PerfectLib-0.34.0/Sources/PerfectLib/WebConnection.swift" /* WebConnection.swift in Sources */ = {isa = PBXBuildFile; fileRef = "__PBXFileRef_Packages/PerfectLib-0.34.0/Sources/PerfectLib/WebConnection.swift" /* WebConnection.swift */; };
		"__src_cc_ref_Packages/PerfectLib-0.34.0/Sources/PerfectLib/WebRequest.swift" /* WebRequest.swift in Sources */ = {isa = PBXBuildFile; fileRef = "__PBXFileRef_Packages/PerfectLib-0.34.0/Sources/PerfectLib/WebRequest.swift" /* WebRequest.swift */; };
		"__src_cc_ref_Packages/PerfectLib-0.34.0/Sources/PerfectLib/WebResponse.swift" /* WebResponse.swift in Sources */ = {isa = PBXBuildFile; fileRef = "__PBXFileRef_Packages/PerfectLib-0.34.0/Sources/PerfectLib/WebResponse.swift" /* WebResponse.swift */; };
		"__src_cc_ref_Packages/PerfectLib-0.34.0/Sources/PerfectLib/WebSocketHandler.swift" /* WebSocketHandler.swift in Sources */ = {isa = PBXBuildFile; fileRef = "__PBXFileRef_Packages/PerfectLib-0.34.0/Sources/PerfectLib/WebSocketHandler.swift" /* WebSocketHandler.swift */; };
		"__src_cc_ref_Packages/PerfectNet-0.8.0/Sources/Net.swift" /* Net.swift in Sources */ = {isa = PBXBuildFile; fileRef = "__PBXFileRef_Packages/PerfectNet-0.8.0/Sources/Net.swift" /* Net.swift */; };
		"__src_cc_ref_Packages/PerfectNet-0.8.0/Sources/NetEvent.swift" /* NetEvent.swift in Sources */ = {isa = PBXBuildFile; fileRef = "__PBXFileRef_Packages/PerfectNet-0.8.0/Sources/NetEvent.swift" /* NetEvent.swift */; };
		"__src_cc_ref_Packages/PerfectNet-0.8.0/Sources/NetNamedPipe.swift" /* NetNamedPipe.swift in Sources */ = {isa = PBXBuildFile; fileRef = "__PBXFileRef_Packages/PerfectNet-0.8.0/Sources/NetNamedPipe.swift" /* NetNamedPipe.swift */; };
		"__src_cc_ref_Packages/PerfectNet-0.8.0/Sources/NetTCP.swift" /* NetTCP.swift in Sources */ = {isa = PBXBuildFile; fileRef = "__PBXFileRef_Packages/PerfectNet-0.8.0/Sources/NetTCP.swift" /* NetTCP.swift */; };
		"__src_cc_ref_Packages/PerfectNet-0.8.0/Sources/NetTCPSSL.swift" /* NetTCPSSL.swift in Sources */ = {isa = PBXBuildFile; fileRef = "__PBXFileRef_Packages/PerfectNet-0.8.0/Sources/NetTCPSSL.swift" /* NetTCPSSL.swift */; };
		"__src_cc_ref_Packages/PerfectThread-0.4.0/Sources/ThreadQueue.swift" /* ThreadQueue.swift in Sources */ = {isa = PBXBuildFile; fileRef = "__PBXFileRef_Packages/PerfectThread-0.4.0/Sources/ThreadQueue.swift" /* ThreadQueue.swift */; };
		"__src_cc_ref_Packages/PerfectThread-0.4.0/Sources/Threading.swift" /* Threading.swift in Sources */ = {isa = PBXBuildFile; fileRef = "__PBXFileRef_Packages/PerfectThread-0.4.0/Sources/Threading.swift" /* Threading.swift */; };
		__src_cc_ref_Sources/JSONParser.swift /* JSONParser.swift in Sources */ = {isa = PBXBuildFile; fileRef = __PBXFileRef_Sources/JSONParser.swift /* JSONParser.swift */; };
		__src_cc_ref_Sources/main.swift /* main.swift in Sources */ = {isa = PBXBuildFile; fileRef = __PBXFileRef_Sources/main.swift /* main.swift */; };
/* End PBXBuildFile section */

/* Begin PBXContainerItemProxy section */
		E1923D8B1D0FE32A001625BF /* PBXContainerItemProxy */ = {
			isa = PBXContainerItemProxy;
			containerPortal = __RootObject_ /* Project object */;
			proxyType = 1;
			remoteGlobalIDString = "______Target_PerfectThread";
			remoteInfo = PerfectThread;
		};
		E1923D8C1D0FE32A001625BF /* PBXContainerItemProxy */ = {
			isa = PBXContainerItemProxy;
			containerPortal = __RootObject_ /* Project object */;
			proxyType = 1;
			remoteGlobalIDString = "______Target_PerfectNet";
			remoteInfo = PerfectNet;
		};
		E1923D8D1D0FE32A001625BF /* PBXContainerItemProxy */ = {
			isa = PBXContainerItemProxy;
			containerPortal = __RootObject_ /* Project object */;
			proxyType = 1;
			remoteGlobalIDString = "______Target_PerfectLib";
			remoteInfo = PerfectLib;
		};
/* End PBXContainerItemProxy section */

/* Begin PBXFileReference section */
		E1923D8E1D0FE6A0001625BF /* Server.swift */ = {isa = PBXFileReference; fileEncoding = 4; lastKnownFileType = sourcecode.swift; path = Server.swift; sourceTree = "<group>"; };
		E1CD136B1D127980009244C9 /* PingEndpoint.swift */ = {isa = PBXFileReference; fileEncoding = 4; lastKnownFileType = sourcecode.swift; path = PingEndpoint.swift; sourceTree = "<group>"; };
		E1CD136D1D127B54009244C9 /* RootEndpoint.swift */ = {isa = PBXFileReference; fileEncoding = 4; lastKnownFileType = sourcecode.swift; path = RootEndpoint.swift; sourceTree = "<group>"; };
		E1CD136F1D127BA7009244C9 /* ErrorEndpoint.swift */ = {isa = PBXFileReference; fileEncoding = 4; lastKnownFileType = sourcecode.swift; path = ErrorEndpoint.swift; sourceTree = "<group>"; };
		E1CD13711D1281EA009244C9 /* BaseResponse.swift */ = {isa = PBXFileReference; fileEncoding = 4; lastKnownFileType = sourcecode.swift; path = BaseResponse.swift; sourceTree = "<group>"; };
		__PBXFileRef_Package.swift /* Package.swift */ = {isa = PBXFileReference; lastKnownFileType = sourcecode.swift; path = Package.swift; sourceTree = "<group>"; };
		"__PBXFileRef_Packages/PerfectLib-0.34.0/Sources/PerfectLib/Bytes.swift" /* Bytes.swift */ = {isa = PBXFileReference; lastKnownFileType = sourcecode.swift; path = Bytes.swift; sourceTree = "<group>"; };
		"__PBXFileRef_Packages/PerfectLib-0.34.0/Sources/PerfectLib/Dir.swift" /* Dir.swift */ = {isa = PBXFileReference; lastKnownFileType = sourcecode.swift; path = Dir.swift; sourceTree = "<group>"; };
		"__PBXFileRef_Packages/PerfectLib-0.34.0/Sources/PerfectLib/DynamicLoader.swift" /* DynamicLoader.swift */ = {isa = PBXFileReference; lastKnownFileType = sourcecode.swift; path = DynamicLoader.swift; sourceTree = "<group>"; };
		"__PBXFileRef_Packages/PerfectLib-0.34.0/Sources/PerfectLib/FastCGI.swift" /* FastCGI.swift */ = {isa = PBXFileReference; lastKnownFileType = sourcecode.swift; path = FastCGI.swift; sourceTree = "<group>"; };
		"__PBXFileRef_Packages/PerfectLib-0.34.0/Sources/PerfectLib/FastCGIServer.swift" /* FastCGIServer.swift */ = {isa = PBXFileReference; lastKnownFileType = sourcecode.swift; path = FastCGIServer.swift; sourceTree = "<group>"; };
		"__PBXFileRef_Packages/PerfectLib-0.34.0/Sources/PerfectLib/File.swift" /* File.swift */ = {isa = PBXFileReference; lastKnownFileType = sourcecode.swift; path = File.swift; sourceTree = "<group>"; };
		"__PBXFileRef_Packages/PerfectLib-0.34.0/Sources/PerfectLib/HPACK.swift" /* HPACK.swift */ = {isa = PBXFileReference; lastKnownFileType = sourcecode.swift; path = HPACK.swift; sourceTree = "<group>"; };
		"__PBXFileRef_Packages/PerfectLib-0.34.0/Sources/PerfectLib/HTTP2.swift" /* HTTP2.swift */ = {isa = PBXFileReference; lastKnownFileType = sourcecode.swift; path = HTTP2.swift; sourceTree = "<group>"; };
		"__PBXFileRef_Packages/PerfectLib-0.34.0/Sources/PerfectLib/HTTPServer.swift" /* HTTPServer.swift */ = {isa = PBXFileReference; lastKnownFileType = sourcecode.swift; path = HTTPServer.swift; sourceTree = "<group>"; };
		"__PBXFileRef_Packages/PerfectLib-0.34.0/Sources/PerfectLib/JSONConvertible.swift" /* JSONConvertible.swift */ = {isa = PBXFileReference; lastKnownFileType = sourcecode.swift; path = JSONConvertible.swift; sourceTree = "<group>"; };
		"__PBXFileRef_Packages/PerfectLib-0.34.0/Sources/PerfectLib/LogManager.swift" /* LogManager.swift */ = {isa = PBXFileReference; lastKnownFileType = sourcecode.swift; path = LogManager.swift; sourceTree = "<group>"; };
		"__PBXFileRef_Packages/PerfectLib-0.34.0/Sources/PerfectLib/MimeReader.swift" /* MimeReader.swift */ = {isa = PBXFileReference; lastKnownFileType = sourcecode.swift; path = MimeReader.swift; sourceTree = "<group>"; };
		"__PBXFileRef_Packages/PerfectLib-0.34.0/Sources/PerfectLib/MimeType.swift" /* MimeType.swift */ = {isa = PBXFileReference; lastKnownFileType = sourcecode.swift; path = MimeType.swift; sourceTree = "<group>"; };
		"__PBXFileRef_Packages/PerfectLib-0.34.0/Sources/PerfectLib/Mustache.swift" /* Mustache.swift */ = {isa = PBXFileReference; lastKnownFileType = sourcecode.swift; path = Mustache.swift; sourceTree = "<group>"; };
		"__PBXFileRef_Packages/PerfectLib-0.34.0/Sources/PerfectLib/NotificationPusher.swift" /* NotificationPusher.swift */ = {isa = PBXFileReference; lastKnownFileType = sourcecode.swift; path = NotificationPusher.swift; sourceTree = "<group>"; };
		"__PBXFileRef_Packages/PerfectLib-0.34.0/Sources/PerfectLib/PerfectError.swift" /* PerfectError.swift */ = {isa = PBXFileReference; lastKnownFileType = sourcecode.swift; path = PerfectError.swift; sourceTree = "<group>"; };
		"__PBXFileRef_Packages/PerfectLib-0.34.0/Sources/PerfectLib/PerfectServer.swift" /* PerfectServer.swift */ = {isa = PBXFileReference; lastKnownFileType = sourcecode.swift; path = PerfectServer.swift; sourceTree = "<group>"; };
		"__PBXFileRef_Packages/PerfectLib-0.34.0/Sources/PerfectLib/Routing.swift" /* Routing.swift */ = {isa = PBXFileReference; lastKnownFileType = sourcecode.swift; path = Routing.swift; sourceTree = "<group>"; };
		"__PBXFileRef_Packages/PerfectLib-0.34.0/Sources/PerfectLib/StaticFileHandler.swift" /* StaticFileHandler.swift */ = {isa = PBXFileReference; lastKnownFileType = sourcecode.swift; path = StaticFileHandler.swift; sourceTree = "<group>"; };
		"__PBXFileRef_Packages/PerfectLib-0.34.0/Sources/PerfectLib/SwiftCompatibility.swift" /* SwiftCompatibility.swift */ = {isa = PBXFileReference; lastKnownFileType = sourcecode.swift; path = SwiftCompatibility.swift; sourceTree = "<group>"; };
		"__PBXFileRef_Packages/PerfectLib-0.34.0/Sources/PerfectLib/SysProcess.swift" /* SysProcess.swift */ = {isa = PBXFileReference; lastKnownFileType = sourcecode.swift; path = SysProcess.swift; sourceTree = "<group>"; };
		"__PBXFileRef_Packages/PerfectLib-0.34.0/Sources/PerfectLib/Utilities.swift" /* Utilities.swift */ = {isa = PBXFileReference; lastKnownFileType = sourcecode.swift; path = Utilities.swift; sourceTree = "<group>"; };
		"__PBXFileRef_Packages/PerfectLib-0.34.0/Sources/PerfectLib/WebConnection.swift" /* WebConnection.swift */ = {isa = PBXFileReference; lastKnownFileType = sourcecode.swift; path = WebConnection.swift; sourceTree = "<group>"; };
		"__PBXFileRef_Packages/PerfectLib-0.34.0/Sources/PerfectLib/WebRequest.swift" /* WebRequest.swift */ = {isa = PBXFileReference; lastKnownFileType = sourcecode.swift; path = WebRequest.swift; sourceTree = "<group>"; };
		"__PBXFileRef_Packages/PerfectLib-0.34.0/Sources/PerfectLib/WebResponse.swift" /* WebResponse.swift */ = {isa = PBXFileReference; lastKnownFileType = sourcecode.swift; path = WebResponse.swift; sourceTree = "<group>"; };
		"__PBXFileRef_Packages/PerfectLib-0.34.0/Sources/PerfectLib/WebSocketHandler.swift" /* WebSocketHandler.swift */ = {isa = PBXFileReference; lastKnownFileType = sourcecode.swift; path = WebSocketHandler.swift; sourceTree = "<group>"; };
		"__PBXFileRef_Packages/PerfectNet-0.8.0/Sources/Net.swift" /* Net.swift */ = {isa = PBXFileReference; lastKnownFileType = sourcecode.swift; path = Net.swift; sourceTree = "<group>"; };
		"__PBXFileRef_Packages/PerfectNet-0.8.0/Sources/NetEvent.swift" /* NetEvent.swift */ = {isa = PBXFileReference; lastKnownFileType = sourcecode.swift; path = NetEvent.swift; sourceTree = "<group>"; };
		"__PBXFileRef_Packages/PerfectNet-0.8.0/Sources/NetNamedPipe.swift" /* NetNamedPipe.swift */ = {isa = PBXFileReference; lastKnownFileType = sourcecode.swift; path = NetNamedPipe.swift; sourceTree = "<group>"; };
		"__PBXFileRef_Packages/PerfectNet-0.8.0/Sources/NetTCP.swift" /* NetTCP.swift */ = {isa = PBXFileReference; lastKnownFileType = sourcecode.swift; path = NetTCP.swift; sourceTree = "<group>"; };
		"__PBXFileRef_Packages/PerfectNet-0.8.0/Sources/NetTCPSSL.swift" /* NetTCPSSL.swift */ = {isa = PBXFileReference; lastKnownFileType = sourcecode.swift; path = NetTCPSSL.swift; sourceTree = "<group>"; };
		"__PBXFileRef_Packages/PerfectThread-0.4.0/Sources/ThreadQueue.swift" /* ThreadQueue.swift */ = {isa = PBXFileReference; lastKnownFileType = sourcecode.swift; path = ThreadQueue.swift; sourceTree = "<group>"; };
		"__PBXFileRef_Packages/PerfectThread-0.4.0/Sources/Threading.swift" /* Threading.swift */ = {isa = PBXFileReference; lastKnownFileType = sourcecode.swift; path = Threading.swift; sourceTree = "<group>"; };
		__PBXFileRef_PerfectLib_Info.plist /* PerfectLib_Info.plist */ = {isa = PBXFileReference; lastKnownFileType = text.plist.xml; name = PerfectLib_Info.plist; path = SwiftServer.xcodeproj/PerfectLib_Info.plist; sourceTree = SOURCE_ROOT; };
		__PBXFileRef_PerfectNet_Info.plist /* PerfectNet_Info.plist */ = {isa = PBXFileReference; lastKnownFileType = text.plist.xml; name = PerfectNet_Info.plist; path = SwiftServer.xcodeproj/PerfectNet_Info.plist; sourceTree = SOURCE_ROOT; };
		__PBXFileRef_PerfectThread_Info.plist /* PerfectThread_Info.plist */ = {isa = PBXFileReference; lastKnownFileType = text.plist.xml; name = PerfectThread_Info.plist; path = SwiftServer.xcodeproj/PerfectThread_Info.plist; sourceTree = SOURCE_ROOT; };
		__PBXFileRef_Sources/JSONParser.swift /* JSONParser.swift */ = {isa = PBXFileReference; lastKnownFileType = sourcecode.swift; path = JSONParser.swift; sourceTree = "<group>"; };
		__PBXFileRef_Sources/main.swift /* main.swift */ = {isa = PBXFileReference; lastKnownFileType = sourcecode.swift; path = main.swift; sourceTree = "<group>"; };
		__PBXFileRef_SwiftServer.xcodeproj/Configs/Project.xcconfig /* Project.xcconfig */ = {isa = PBXFileReference; lastKnownFileType = text.xcconfig; name = Project.xcconfig; path = SwiftServer.xcodeproj/Configs/Project.xcconfig; sourceTree = "<group>"; };
		"_____Product_PerfectLib" /* PerfectLib.framework */ = {isa = PBXFileReference; explicitFileType = wrapper.framework; path = PerfectLib.framework; sourceTree = BUILT_PRODUCTS_DIR; };
		"_____Product_PerfectNet" /* PerfectNet.framework */ = {isa = PBXFileReference; explicitFileType = wrapper.framework; path = PerfectNet.framework; sourceTree = BUILT_PRODUCTS_DIR; };
		"_____Product_PerfectThread" /* PerfectThread.framework */ = {isa = PBXFileReference; explicitFileType = wrapper.framework; path = PerfectThread.framework; sourceTree = BUILT_PRODUCTS_DIR; };
		"_____Product_SwiftServer" /* SwiftServer */ = {isa = PBXFileReference; explicitFileType = "compiled.mach-o.executable"; path = SwiftServer; sourceTree = BUILT_PRODUCTS_DIR; };
/* End PBXFileReference section */

/* Begin PBXFrameworksBuildPhase section */
		"___LinkPhase_PerfectLib" /* Frameworks */ = {
			isa = PBXFrameworksBuildPhase;
			buildActionMask = 0;
			files = (
				_LinkFileRef_PerfectThread_via_PerfectLib /* PerfectThread.framework in Frameworks */,
				_LinkFileRef_PerfectNet_via_PerfectLib /* PerfectNet.framework in Frameworks */,
			);
			runOnlyForDeploymentPostprocessing = 0;
		};
		"___LinkPhase_PerfectNet" /* Frameworks */ = {
			isa = PBXFrameworksBuildPhase;
			buildActionMask = 0;
			files = (
				_LinkFileRef_PerfectThread_via_PerfectNet /* PerfectThread.framework in Frameworks */,
			);
			runOnlyForDeploymentPostprocessing = 0;
		};
		"___LinkPhase_PerfectThread" /* Frameworks */ = {
			isa = PBXFrameworksBuildPhase;
			buildActionMask = 0;
			files = (
			);
			runOnlyForDeploymentPostprocessing = 0;
		};
		"___LinkPhase_SwiftServer" /* Frameworks */ = {
			isa = PBXFrameworksBuildPhase;
			buildActionMask = 0;
			files = (
				_LinkFileRef_PerfectThread_via_SwiftServer /* PerfectThread.framework in Frameworks */,
				_LinkFileRef_PerfectNet_via_SwiftServer /* PerfectNet.framework in Frameworks */,
				_LinkFileRef_PerfectLib_via_SwiftServer /* PerfectLib.framework in Frameworks */,
			);
			runOnlyForDeploymentPostprocessing = 0;
		};
/* End PBXFrameworksBuildPhase section */

/* Begin PBXGroup section */
		Dependencies_ /* Dependencies */ = {
			isa = PBXGroup;
			children = (
				"_______Group_PerfectThread" /* PerfectThread */,
				"_______Group_PerfectNet" /* PerfectNet */,
				"_______Group_PerfectLib" /* PerfectLib */,
			);
			name = Dependencies;
			sourceTree = "<group>";
		};
		E1CD136A1D127911009244C9 /* Endpoints */ = {
			isa = PBXGroup;
			children = (
				E1CD136D1D127B54009244C9 /* RootEndpoint.swift */,
				E1CD136B1D127980009244C9 /* PingEndpoint.swift */,
				E1CD136F1D127BA7009244C9 /* ErrorEndpoint.swift */,
			);
			path = Endpoints;
			sourceTree = "<group>";
		};
		"___RootGroup_" = {
			isa = PBXGroup;
			children = (
				__PBXFileRef_Package.swift /* Package.swift */,
				"_____Configs_" /* Configs */,
				"_____Sources_" /* Sources */,
				Dependencies_ /* Dependencies */,
				"____Products_" /* Products */,
			);
			sourceTree = "<group>";
		};
		"____Products_" /* Products */ = {
			isa = PBXGroup;
			children = (
				"_____Product_PerfectThread" /* PerfectThread.framework */,
				"_____Product_PerfectNet" /* PerfectNet.framework */,
				"_____Product_PerfectLib" /* PerfectLib.framework */,
				"_____Product_SwiftServer" /* SwiftServer */,
			);
			name = Products;
			sourceTree = "<group>";
		};
		"_____Configs_" /* Configs */ = {
			isa = PBXGroup;
			children = (
				__PBXFileRef_SwiftServer.xcodeproj/Configs/Project.xcconfig /* Project.xcconfig */,
			);
			name = Configs;
			sourceTree = "<group>";
		};
		"_____Sources_" /* Sources */ = {
			isa = PBXGroup;
			children = (
				"_______Group_SwiftServer" /* SwiftServer */,
			);
			name = Sources;
			sourceTree = "<group>";
		};
		"_______Group_PerfectLib" /* PerfectLib */ = {
			isa = PBXGroup;
			children = (
				"__PBXFileRef_Packages/PerfectLib-0.34.0/Sources/PerfectLib/Bytes.swift" /* Bytes.swift */,
				"__PBXFileRef_Packages/PerfectLib-0.34.0/Sources/PerfectLib/Dir.swift" /* Dir.swift */,
				"__PBXFileRef_Packages/PerfectLib-0.34.0/Sources/PerfectLib/DynamicLoader.swift" /* DynamicLoader.swift */,
				"__PBXFileRef_Packages/PerfectLib-0.34.0/Sources/PerfectLib/FastCGI.swift" /* FastCGI.swift */,
				"__PBXFileRef_Packages/PerfectLib-0.34.0/Sources/PerfectLib/FastCGIServer.swift" /* FastCGIServer.swift */,
				"__PBXFileRef_Packages/PerfectLib-0.34.0/Sources/PerfectLib/File.swift" /* File.swift */,
				"__PBXFileRef_Packages/PerfectLib-0.34.0/Sources/PerfectLib/HPACK.swift" /* HPACK.swift */,
				"__PBXFileRef_Packages/PerfectLib-0.34.0/Sources/PerfectLib/HTTP2.swift" /* HTTP2.swift */,
				"__PBXFileRef_Packages/PerfectLib-0.34.0/Sources/PerfectLib/HTTPServer.swift" /* HTTPServer.swift */,
				"__PBXFileRef_Packages/PerfectLib-0.34.0/Sources/PerfectLib/JSONConvertible.swift" /* JSONConvertible.swift */,
				"__PBXFileRef_Packages/PerfectLib-0.34.0/Sources/PerfectLib/LogManager.swift" /* LogManager.swift */,
				"__PBXFileRef_Packages/PerfectLib-0.34.0/Sources/PerfectLib/MimeReader.swift" /* MimeReader.swift */,
				"__PBXFileRef_Packages/PerfectLib-0.34.0/Sources/PerfectLib/MimeType.swift" /* MimeType.swift */,
				"__PBXFileRef_Packages/PerfectLib-0.34.0/Sources/PerfectLib/Mustache.swift" /* Mustache.swift */,
				"__PBXFileRef_Packages/PerfectLib-0.34.0/Sources/PerfectLib/NotificationPusher.swift" /* NotificationPusher.swift */,
				"__PBXFileRef_Packages/PerfectLib-0.34.0/Sources/PerfectLib/PerfectError.swift" /* PerfectError.swift */,
				"__PBXFileRef_Packages/PerfectLib-0.34.0/Sources/PerfectLib/PerfectServer.swift" /* PerfectServer.swift */,
				"__PBXFileRef_Packages/PerfectLib-0.34.0/Sources/PerfectLib/Routing.swift" /* Routing.swift */,
				"__PBXFileRef_Packages/PerfectLib-0.34.0/Sources/PerfectLib/StaticFileHandler.swift" /* StaticFileHandler.swift */,
				"__PBXFileRef_Packages/PerfectLib-0.34.0/Sources/PerfectLib/SwiftCompatibility.swift" /* SwiftCompatibility.swift */,
				"__PBXFileRef_Packages/PerfectLib-0.34.0/Sources/PerfectLib/SysProcess.swift" /* SysProcess.swift */,
				"__PBXFileRef_Packages/PerfectLib-0.34.0/Sources/PerfectLib/Utilities.swift" /* Utilities.swift */,
				"__PBXFileRef_Packages/PerfectLib-0.34.0/Sources/PerfectLib/WebConnection.swift" /* WebConnection.swift */,
				"__PBXFileRef_Packages/PerfectLib-0.34.0/Sources/PerfectLib/WebRequest.swift" /* WebRequest.swift */,
				"__PBXFileRef_Packages/PerfectLib-0.34.0/Sources/PerfectLib/WebResponse.swift" /* WebResponse.swift */,
				"__PBXFileRef_Packages/PerfectLib-0.34.0/Sources/PerfectLib/WebSocketHandler.swift" /* WebSocketHandler.swift */,
				__PBXFileRef_PerfectLib_Info.plist /* PerfectLib_Info.plist */,
			);
			name = PerfectLib;
			path = "Packages/PerfectLib-0.34.0/Sources/PerfectLib";
			sourceTree = "<group>";
		};
		"_______Group_PerfectNet" /* PerfectNet */ = {
			isa = PBXGroup;
			children = (
				"__PBXFileRef_Packages/PerfectNet-0.8.0/Sources/Net.swift" /* Net.swift */,
				"__PBXFileRef_Packages/PerfectNet-0.8.0/Sources/NetEvent.swift" /* NetEvent.swift */,
				"__PBXFileRef_Packages/PerfectNet-0.8.0/Sources/NetNamedPipe.swift" /* NetNamedPipe.swift */,
				"__PBXFileRef_Packages/PerfectNet-0.8.0/Sources/NetTCP.swift" /* NetTCP.swift */,
				"__PBXFileRef_Packages/PerfectNet-0.8.0/Sources/NetTCPSSL.swift" /* NetTCPSSL.swift */,
				__PBXFileRef_PerfectNet_Info.plist /* PerfectNet_Info.plist */,
			);
			name = PerfectNet;
			path = "Packages/PerfectNet-0.8.0/Sources";
			sourceTree = "<group>";
		};
		"_______Group_PerfectThread" /* PerfectThread */ = {
			isa = PBXGroup;
			children = (
				"__PBXFileRef_Packages/PerfectThread-0.4.0/Sources/Threading.swift" /* Threading.swift */,
				"__PBXFileRef_Packages/PerfectThread-0.4.0/Sources/ThreadQueue.swift" /* ThreadQueue.swift */,
				__PBXFileRef_PerfectThread_Info.plist /* PerfectThread_Info.plist */,
			);
			name = PerfectThread;
			path = "Packages/PerfectThread-0.4.0/Sources";
			sourceTree = "<group>";
		};
		"_______Group_SwiftServer" /* SwiftServer */ = {
			isa = PBXGroup;
			children = (
				__PBXFileRef_Sources/main.swift /* main.swift */,
				E1923D8E1D0FE6A0001625BF /* Server.swift */,
				E1CD136A1D127911009244C9 /* Endpoints */,
				E1CD13711D1281EA009244C9 /* BaseResponse.swift */,
				__PBXFileRef_Sources/JSONParser.swift /* JSONParser.swift */,
			);
			name = SwiftServer;
			path = Sources;
			sourceTree = "<group>";
		};
/* End PBXGroup section */

/* Begin PBXNativeTarget section */
		"______Target_PerfectLib" /* PerfectLib */ = {
			isa = PBXNativeTarget;
			buildConfigurationList = "_______Confs_PerfectLib" /* Build configuration list for PBXNativeTarget "PerfectLib" */;
			buildPhases = (
				CompilePhase_PerfectLib /* Sources */,
				"___LinkPhase_PerfectLib" /* Frameworks */,
			);
			buildRules = (
			);
			dependencies = (
				__Dependency_PerfectThread /* PBXTargetDependency */,
				__Dependency_PerfectNet /* PBXTargetDependency */,
			);
			name = PerfectLib;
			productName = PerfectLib;
			productReference = "_____Product_PerfectLib" /* PerfectLib.framework */;
			productType = "com.apple.product-type.framework";
		};
		"______Target_PerfectNet" /* PerfectNet */ = {
			isa = PBXNativeTarget;
			buildConfigurationList = "_______Confs_PerfectNet" /* Build configuration list for PBXNativeTarget "PerfectNet" */;
			buildPhases = (
				CompilePhase_PerfectNet /* Sources */,
				"___LinkPhase_PerfectNet" /* Frameworks */,
			);
			buildRules = (
			);
			dependencies = (
				__Dependency_PerfectThread /* PBXTargetDependency */,
			);
			name = PerfectNet;
			productName = PerfectNet;
			productReference = "_____Product_PerfectNet" /* PerfectNet.framework */;
			productType = "com.apple.product-type.framework";
		};
		"______Target_PerfectThread" /* PerfectThread */ = {
			isa = PBXNativeTarget;
			buildConfigurationList = "_______Confs_PerfectThread" /* Build configuration list for PBXNativeTarget "PerfectThread" */;
			buildPhases = (
				CompilePhase_PerfectThread /* Sources */,
				"___LinkPhase_PerfectThread" /* Frameworks */,
			);
			buildRules = (
			);
			dependencies = (
			);
			name = PerfectThread;
			productName = PerfectThread;
			productReference = "_____Product_PerfectThread" /* PerfectThread.framework */;
			productType = "com.apple.product-type.framework";
		};
		"______Target_SwiftServer" /* SwiftServer */ = {
			isa = PBXNativeTarget;
			buildConfigurationList = "_______Confs_SwiftServer" /* Build configuration list for PBXNativeTarget "SwiftServer" */;
			buildPhases = (
				CompilePhase_SwiftServer /* Sources */,
				"___LinkPhase_SwiftServer" /* Frameworks */,
			);
			buildRules = (
			);
			dependencies = (
				__Dependency_PerfectThread /* PBXTargetDependency */,
				__Dependency_PerfectNet /* PBXTargetDependency */,
				__Dependency_PerfectLib /* PBXTargetDependency */,
			);
			name = SwiftServer;
			productName = SwiftServer;
			productReference = "_____Product_SwiftServer" /* SwiftServer */;
			productType = "com.apple.product-type.tool";
		};
/* End PBXNativeTarget section */

/* Begin PBXProject section */
		__RootObject_ /* Project object */ = {
			isa = PBXProject;
			attributes = {
				LastUpgradeCheck = 9999;
			};
			buildConfigurationList = "___RootConfs_" /* Build configuration list for PBXProject "SwiftServer" */;
			compatibilityVersion = "Xcode 3.2";
			developmentRegion = English;
			hasScannedForEncodings = 0;
			knownRegions = (
				en,
			);
			mainGroup = "___RootGroup_";
			productRefGroup = "____Products_" /* Products */;
			projectDirPath = "";
			projectRoot = "";
			targets = (
				"______Target_PerfectThread" /* PerfectThread */,
				"______Target_PerfectNet" /* PerfectNet */,
				"______Target_PerfectLib" /* PerfectLib */,
				"______Target_SwiftServer" /* SwiftServer */,
			);
		};
/* End PBXProject section */

/* Begin PBXSourcesBuildPhase section */
		CompilePhase_PerfectLib /* Sources */ = {
			isa = PBXSourcesBuildPhase;
			buildActionMask = 0;
			files = (
				"__src_cc_ref_Packages/PerfectLib-0.34.0/Sources/PerfectLib/Bytes.swift" /* Bytes.swift in Sources */,
				"__src_cc_ref_Packages/PerfectLib-0.34.0/Sources/PerfectLib/Dir.swift" /* Dir.swift in Sources */,
				"__src_cc_ref_Packages/PerfectLib-0.34.0/Sources/PerfectLib/DynamicLoader.swift" /* DynamicLoader.swift in Sources */,
				"__src_cc_ref_Packages/PerfectLib-0.34.0/Sources/PerfectLib/FastCGI.swift" /* FastCGI.swift in Sources */,
				"__src_cc_ref_Packages/PerfectLib-0.34.0/Sources/PerfectLib/FastCGIServer.swift" /* FastCGIServer.swift in Sources */,
				"__src_cc_ref_Packages/PerfectLib-0.34.0/Sources/PerfectLib/File.swift" /* File.swift in Sources */,
				"__src_cc_ref_Packages/PerfectLib-0.34.0/Sources/PerfectLib/HPACK.swift" /* HPACK.swift in Sources */,
				"__src_cc_ref_Packages/PerfectLib-0.34.0/Sources/PerfectLib/HTTP2.swift" /* HTTP2.swift in Sources */,
				"__src_cc_ref_Packages/PerfectLib-0.34.0/Sources/PerfectLib/HTTPServer.swift" /* HTTPServer.swift in Sources */,
				"__src_cc_ref_Packages/PerfectLib-0.34.0/Sources/PerfectLib/JSONConvertible.swift" /* JSONConvertible.swift in Sources */,
				"__src_cc_ref_Packages/PerfectLib-0.34.0/Sources/PerfectLib/LogManager.swift" /* LogManager.swift in Sources */,
				"__src_cc_ref_Packages/PerfectLib-0.34.0/Sources/PerfectLib/MimeReader.swift" /* MimeReader.swift in Sources */,
				"__src_cc_ref_Packages/PerfectLib-0.34.0/Sources/PerfectLib/MimeType.swift" /* MimeType.swift in Sources */,
				"__src_cc_ref_Packages/PerfectLib-0.34.0/Sources/PerfectLib/Mustache.swift" /* Mustache.swift in Sources */,
				"__src_cc_ref_Packages/PerfectLib-0.34.0/Sources/PerfectLib/NotificationPusher.swift" /* NotificationPusher.swift in Sources */,
				"__src_cc_ref_Packages/PerfectLib-0.34.0/Sources/PerfectLib/PerfectError.swift" /* PerfectError.swift in Sources */,
				"__src_cc_ref_Packages/PerfectLib-0.34.0/Sources/PerfectLib/PerfectServer.swift" /* PerfectServer.swift in Sources */,
				"__src_cc_ref_Packages/PerfectLib-0.34.0/Sources/PerfectLib/Routing.swift" /* Routing.swift in Sources */,
				"__src_cc_ref_Packages/PerfectLib-0.34.0/Sources/PerfectLib/StaticFileHandler.swift" /* StaticFileHandler.swift in Sources */,
				"__src_cc_ref_Packages/PerfectLib-0.34.0/Sources/PerfectLib/SwiftCompatibility.swift" /* SwiftCompatibility.swift in Sources */,
				"__src_cc_ref_Packages/PerfectLib-0.34.0/Sources/PerfectLib/SysProcess.swift" /* SysProcess.swift in Sources */,
				"__src_cc_ref_Packages/PerfectLib-0.34.0/Sources/PerfectLib/Utilities.swift" /* Utilities.swift in Sources */,
				"__src_cc_ref_Packages/PerfectLib-0.34.0/Sources/PerfectLib/WebConnection.swift" /* WebConnection.swift in Sources */,
				"__src_cc_ref_Packages/PerfectLib-0.34.0/Sources/PerfectLib/WebRequest.swift" /* WebRequest.swift in Sources */,
				"__src_cc_ref_Packages/PerfectLib-0.34.0/Sources/PerfectLib/WebResponse.swift" /* WebResponse.swift in Sources */,
				"__src_cc_ref_Packages/PerfectLib-0.34.0/Sources/PerfectLib/WebSocketHandler.swift" /* WebSocketHandler.swift in Sources */,
			);
			runOnlyForDeploymentPostprocessing = 0;
		};
		CompilePhase_PerfectNet /* Sources */ = {
			isa = PBXSourcesBuildPhase;
			buildActionMask = 0;
			files = (
				"__src_cc_ref_Packages/PerfectNet-0.8.0/Sources/Net.swift" /* Net.swift in Sources */,
				"__src_cc_ref_Packages/PerfectNet-0.8.0/Sources/NetEvent.swift" /* NetEvent.swift in Sources */,
				"__src_cc_ref_Packages/PerfectNet-0.8.0/Sources/NetNamedPipe.swift" /* NetNamedPipe.swift in Sources */,
				"__src_cc_ref_Packages/PerfectNet-0.8.0/Sources/NetTCP.swift" /* NetTCP.swift in Sources */,
				"__src_cc_ref_Packages/PerfectNet-0.8.0/Sources/NetTCPSSL.swift" /* NetTCPSSL.swift in Sources */,
			);
			runOnlyForDeploymentPostprocessing = 0;
		};
		CompilePhase_PerfectThread /* Sources */ = {
			isa = PBXSourcesBuildPhase;
			buildActionMask = 0;
			files = (
				"__src_cc_ref_Packages/PerfectThread-0.4.0/Sources/Threading.swift" /* Threading.swift in Sources */,
				"__src_cc_ref_Packages/PerfectThread-0.4.0/Sources/ThreadQueue.swift" /* ThreadQueue.swift in Sources */,
			);
			runOnlyForDeploymentPostprocessing = 0;
		};
		CompilePhase_SwiftServer /* Sources */ = {
			isa = PBXSourcesBuildPhase;
			buildActionMask = 0;
			files = (
				E1CD136C1D127980009244C9 /* PingEndpoint.swift in Sources */,
				__src_cc_ref_Sources/JSONParser.swift /* JSONParser.swift in Sources */,
				E1923D8F1D0FE6A0001625BF /* Server.swift in Sources */,
				E1CD136E1D127B54009244C9 /* RootEndpoint.swift in Sources */,
				E1CD13721D1281EA009244C9 /* BaseResponse.swift in Sources */,
				__src_cc_ref_Sources/main.swift /* main.swift in Sources */,
				E1CD13701D127BA7009244C9 /* ErrorEndpoint.swift in Sources */,
			);
			runOnlyForDeploymentPostprocessing = 0;
		};
/* End PBXSourcesBuildPhase section */

/* Begin PBXTargetDependency section */
		__Dependency_PerfectLib /* PBXTargetDependency */ = {
			isa = PBXTargetDependency;
			target = "______Target_PerfectLib" /* PerfectLib */;
			targetProxy = E1923D8D1D0FE32A001625BF /* PBXContainerItemProxy */;
		};
		__Dependency_PerfectNet /* PBXTargetDependency */ = {
			isa = PBXTargetDependency;
			target = "______Target_PerfectNet" /* PerfectNet */;
			targetProxy = E1923D8C1D0FE32A001625BF /* PBXContainerItemProxy */;
		};
		__Dependency_PerfectThread /* PBXTargetDependency */ = {
			isa = PBXTargetDependency;
			target = "______Target_PerfectThread" /* PerfectThread */;
			targetProxy = E1923D8B1D0FE32A001625BF /* PBXContainerItemProxy */;
		};
/* End PBXTargetDependency section */

/* Begin XCBuildConfiguration section */
		_ReleaseConf_PerfectLib /* Release */ = {
			isa = XCBuildConfiguration;
			buildSettings = {
				ENABLE_TESTABILITY = YES;
				FRAMEWORK_SEARCH_PATHS = "$(PLATFORM_DIR)/Developer/Library/Frameworks";
				HEADER_SEARCH_PATHS = "/Users/robert/Developer/Swift/SwiftServer/Packages/OpenSSL-0.3.0";
				INFOPLIST_FILE = SwiftServer.xcodeproj/PerfectLib_Info.plist;
				LD_RUNPATH_SEARCH_PATHS = "$(TOOLCHAIN_DIR)/usr/lib/swift/macosx";
				OTHER_LDFLAGS = (
					"$(inherited)",
					"-L/usr/local/Cellar/openssl/1.0.2a-1/lib",
					"-lssl",
					"-L/usr/local/Cellar/openssl/1.0.2a-1/lib",
					"-lcrypto",
				);
				OTHER_SWIFT_FLAGS = "$(inherited) -I/usr/local/Cellar/openssl/1.0.2a-1/include -I/usr/local/Cellar/openssl/1.0.2a-1/include";
				PRODUCT_MODULE_NAME = "$(TARGET_NAME:c99extidentifier)";
				PRODUCT_NAME = "$(TARGET_NAME:c99extidentifier)";
			};
			name = Release;
		};
		_ReleaseConf_PerfectNet /* Release */ = {
			isa = XCBuildConfiguration;
			buildSettings = {
				ENABLE_TESTABILITY = YES;
				FRAMEWORK_SEARCH_PATHS = "$(PLATFORM_DIR)/Developer/Library/Frameworks";
				HEADER_SEARCH_PATHS = "/Users/robert/Developer/Swift/SwiftServer/Packages/OpenSSL-0.3.0";
				INFOPLIST_FILE = SwiftServer.xcodeproj/PerfectNet_Info.plist;
				LD_RUNPATH_SEARCH_PATHS = "$(TOOLCHAIN_DIR)/usr/lib/swift/macosx";
				OTHER_LDFLAGS = (
					"$(inherited)",
					"-L/usr/local/Cellar/openssl/1.0.2a-1/lib",
					"-lssl",
					"-L/usr/local/Cellar/openssl/1.0.2a-1/lib",
					"-lcrypto",
				);
				OTHER_SWIFT_FLAGS = "$(inherited) -I/usr/local/Cellar/openssl/1.0.2a-1/include -I/usr/local/Cellar/openssl/1.0.2a-1/include";
				PRODUCT_MODULE_NAME = "$(TARGET_NAME:c99extidentifier)";
				PRODUCT_NAME = "$(TARGET_NAME:c99extidentifier)";
			};
			name = Release;
		};
		_ReleaseConf_PerfectThread /* Release */ = {
			isa = XCBuildConfiguration;
			buildSettings = {
				ENABLE_TESTABILITY = YES;
				FRAMEWORK_SEARCH_PATHS = "$(PLATFORM_DIR)/Developer/Library/Frameworks";
				INFOPLIST_FILE = SwiftServer.xcodeproj/PerfectThread_Info.plist;
				LD_RUNPATH_SEARCH_PATHS = "$(TOOLCHAIN_DIR)/usr/lib/swift/macosx";
				OTHER_LDFLAGS = "$(inherited)";
				OTHER_SWIFT_FLAGS = "$(inherited)";
				PRODUCT_MODULE_NAME = "$(TARGET_NAME:c99extidentifier)";
				PRODUCT_NAME = "$(TARGET_NAME:c99extidentifier)";
			};
			name = Release;
		};
		_ReleaseConf_SwiftServer /* Release */ = {
			isa = XCBuildConfiguration;
			buildSettings = {
				FRAMEWORK_SEARCH_PATHS = "$(PLATFORM_DIR)/Developer/Library/Frameworks";
				HEADER_SEARCH_PATHS = "/Users/robert/Developer/Swift/SwiftServer/Packages/OpenSSL-0.3.0";
				LD_RUNPATH_SEARCH_PATHS = "$(TOOLCHAIN_DIR)/usr/lib/swift/macosx @executable_path";
				OTHER_LDFLAGS = (
					"$(inherited)",
					"-L/usr/local/Cellar/openssl/1.0.2a-1/lib",
					"-lssl",
					"-L/usr/local/Cellar/openssl/1.0.2a-1/lib",
					"-lcrypto",
				);
				OTHER_SWIFT_FLAGS = "$(inherited) -I/usr/local/Cellar/openssl/1.0.2a-1/include -I/usr/local/Cellar/openssl/1.0.2a-1/include";
				SWIFT_FORCE_DYNAMIC_LINK_STDLIB = YES;
				SWIFT_FORCE_STATIC_LINK_STDLIB = NO;
			};
			name = Release;
		};
		"___DebugConf_PerfectLib" /* Debug */ = {
			isa = XCBuildConfiguration;
			buildSettings = {
				ENABLE_TESTABILITY = YES;
				FRAMEWORK_SEARCH_PATHS = "$(PLATFORM_DIR)/Developer/Library/Frameworks";
				HEADER_SEARCH_PATHS = "/Users/robert/Developer/Swift/SwiftServer/Packages/OpenSSL-0.3.0";
				INFOPLIST_FILE = SwiftServer.xcodeproj/PerfectLib_Info.plist;
				LD_RUNPATH_SEARCH_PATHS = "$(TOOLCHAIN_DIR)/usr/lib/swift/macosx";
				OTHER_LDFLAGS = (
					"$(inherited)",
					"-L/usr/local/Cellar/openssl/1.0.2a-1/lib",
					"-lssl",
					"-L/usr/local/Cellar/openssl/1.0.2a-1/lib",
					"-lcrypto",
				);
				OTHER_SWIFT_FLAGS = "$(inherited) -I/usr/local/Cellar/openssl/1.0.2a-1/include -I/usr/local/Cellar/openssl/1.0.2a-1/include";
				PRODUCT_MODULE_NAME = "$(TARGET_NAME:c99extidentifier)";
				PRODUCT_NAME = "$(TARGET_NAME:c99extidentifier)";
				SWIFT_OPTIMIZATION_LEVEL = "-Onone";
			};
			name = Debug;
		};
		"___DebugConf_PerfectNet" /* Debug */ = {
			isa = XCBuildConfiguration;
			buildSettings = {
				ENABLE_TESTABILITY = YES;
				FRAMEWORK_SEARCH_PATHS = "$(PLATFORM_DIR)/Developer/Library/Frameworks";
				HEADER_SEARCH_PATHS = "/Users/robert/Developer/Swift/SwiftServer/Packages/OpenSSL-0.3.0";
				INFOPLIST_FILE = SwiftServer.xcodeproj/PerfectNet_Info.plist;
				LD_RUNPATH_SEARCH_PATHS = "$(TOOLCHAIN_DIR)/usr/lib/swift/macosx";
				OTHER_LDFLAGS = (
					"$(inherited)",
					"-L/usr/local/Cellar/openssl/1.0.2a-1/lib",
					"-lssl",
					"-L/usr/local/Cellar/openssl/1.0.2a-1/lib",
					"-lcrypto",
				);
				OTHER_SWIFT_FLAGS = "$(inherited) -I/usr/local/Cellar/openssl/1.0.2a-1/include -I/usr/local/Cellar/openssl/1.0.2a-1/include";
				PRODUCT_MODULE_NAME = "$(TARGET_NAME:c99extidentifier)";
				PRODUCT_NAME = "$(TARGET_NAME:c99extidentifier)";
				SWIFT_OPTIMIZATION_LEVEL = "-Onone";
			};
			name = Debug;
		};
		"___DebugConf_PerfectThread" /* Debug */ = {
			isa = XCBuildConfiguration;
			buildSettings = {
				ENABLE_TESTABILITY = YES;
				FRAMEWORK_SEARCH_PATHS = "$(PLATFORM_DIR)/Developer/Library/Frameworks";
				INFOPLIST_FILE = SwiftServer.xcodeproj/PerfectThread_Info.plist;
				LD_RUNPATH_SEARCH_PATHS = "$(TOOLCHAIN_DIR)/usr/lib/swift/macosx";
				OTHER_LDFLAGS = "$(inherited)";
				OTHER_SWIFT_FLAGS = "$(inherited)";
				PRODUCT_MODULE_NAME = "$(TARGET_NAME:c99extidentifier)";
				PRODUCT_NAME = "$(TARGET_NAME:c99extidentifier)";
				SWIFT_OPTIMIZATION_LEVEL = "-Onone";
			};
			name = Debug;
		};
		"___DebugConf_SwiftServer" /* Debug */ = {
			isa = XCBuildConfiguration;
			buildSettings = {
				FRAMEWORK_SEARCH_PATHS = "$(PLATFORM_DIR)/Developer/Library/Frameworks";
				HEADER_SEARCH_PATHS = "/Users/robert/Developer/Swift/SwiftServer/Packages/OpenSSL-0.3.0";
				LD_RUNPATH_SEARCH_PATHS = "$(TOOLCHAIN_DIR)/usr/lib/swift/macosx @executable_path";
				OTHER_LDFLAGS = (
					"$(inherited)",
					"-L/usr/local/Cellar/openssl/1.0.2a-1/lib",
					"-lssl",
					"-L/usr/local/Cellar/openssl/1.0.2a-1/lib",
					"-lcrypto",
				);
				OTHER_SWIFT_FLAGS = "$(inherited) -I/usr/local/Cellar/openssl/1.0.2a-1/include -I/usr/local/Cellar/openssl/1.0.2a-1/include";
				SWIFT_FORCE_DYNAMIC_LINK_STDLIB = YES;
				SWIFT_FORCE_STATIC_LINK_STDLIB = NO;
				SWIFT_OPTIMIZATION_LEVEL = "-Onone";
			};
			name = Debug;
		};
		"_____Release_" /* Release */ = {
			isa = XCBuildConfiguration;
			baseConfigurationReference = __PBXFileRef_SwiftServer.xcodeproj/Configs/Project.xcconfig /* Project.xcconfig */;
			buildSettings = {
			};
			name = Release;
		};
		"_______Debug_" /* Debug */ = {
			isa = XCBuildConfiguration;
			baseConfigurationReference = __PBXFileRef_SwiftServer.xcodeproj/Configs/Project.xcconfig /* Project.xcconfig */;
			buildSettings = {
			};
			name = Debug;
		};
/* End XCBuildConfiguration section */

/* Begin XCConfigurationList section */
		"___RootConfs_" /* Build configuration list for PBXProject "SwiftServer" */ = {
			isa = XCConfigurationList;
			buildConfigurations = (
				"_______Debug_" /* Debug */,
				"_____Release_" /* Release */,
			);
			defaultConfigurationIsVisible = 0;
			defaultConfigurationName = Debug;
		};
		"_______Confs_PerfectLib" /* Build configuration list for PBXNativeTarget "PerfectLib" */ = {
			isa = XCConfigurationList;
			buildConfigurations = (
				"___DebugConf_PerfectLib" /* Debug */,
				_ReleaseConf_PerfectLib /* Release */,
			);
			defaultConfigurationIsVisible = 0;
			defaultConfigurationName = Debug;
		};
		"_______Confs_PerfectNet" /* Build configuration list for PBXNativeTarget "PerfectNet" */ = {
			isa = XCConfigurationList;
			buildConfigurations = (
				"___DebugConf_PerfectNet" /* Debug */,
				_ReleaseConf_PerfectNet /* Release */,
			);
			defaultConfigurationIsVisible = 0;
			defaultConfigurationName = Debug;
		};
		"_______Confs_PerfectThread" /* Build configuration list for PBXNativeTarget "PerfectThread" */ = {
			isa = XCConfigurationList;
			buildConfigurations = (
				"___DebugConf_PerfectThread" /* Debug */,
				_ReleaseConf_PerfectThread /* Release */,
			);
			defaultConfigurationIsVisible = 0;
			defaultConfigurationName = Debug;
		};
		"_______Confs_SwiftServer" /* Build configuration list for PBXNativeTarget "SwiftServer" */ = {
			isa = XCConfigurationList;
			buildConfigurations = (
				"___DebugConf_SwiftServer" /* Debug */,
				_ReleaseConf_SwiftServer /* Release */,
			);
			defaultConfigurationIsVisible = 0;
			defaultConfigurationName = Debug;
		};
/* End XCConfigurationList section */
	};
	rootObject = __RootObject_ /* Project object */;
}
